// !$*UTF8*$!
{
	archiveVersion = 1;
	classes = {
	};
	objectVersion = 56;
	objects = {

/* Begin PBXBuildFile section */
		31065E1729CC5AFF00981B4D /* Extension+UICollectionView.swift in Sources */ = {isa = PBXBuildFile; fileRef = 31065E1629CC5AFF00981B4D /* Extension+UICollectionView.swift */; };
		31065E1A29CC5CF100981B4D /* Reusable.swift in Sources */ = {isa = PBXBuildFile; fileRef = 31065E1929CC5CF100981B4D /* Reusable.swift */; };
		31065E1C29CC5E8700981B4D /* Extension+UIView.swift in Sources */ = {isa = PBXBuildFile; fileRef = 31065E1B29CC5E8700981B4D /* Extension+UIView.swift */; };
		31065E1F29CC62D300981B4D /* TopMoviesViewModel.swift in Sources */ = {isa = PBXBuildFile; fileRef = 31065E1E29CC62D300981B4D /* TopMoviesViewModel.swift */; };
		31065E2129CC637A00981B4D /* Movie.swift in Sources */ = {isa = PBXBuildFile; fileRef = 31065E2029CC637A00981B4D /* Movie.swift */; };
		31065E2329CC669E00981B4D /* TopMoviesSectionHeaderView.swift in Sources */ = {isa = PBXBuildFile; fileRef = 31065E2229CC669E00981B4D /* TopMoviesSectionHeaderView.swift */; };
		31065E2529CC7B9A00981B4D /* Extension+UIColor.swift in Sources */ = {isa = PBXBuildFile; fileRef = 31065E2429CC7B9A00981B4D /* Extension+UIColor.swift */; };
		31065E2829CC854500981B4D /* NetwortManager.swift in Sources */ = {isa = PBXBuildFile; fileRef = 31065E2729CC854500981B4D /* NetwortManager.swift */; };
		31065E2A29CC9F4C00981B4D /* URLBuilder.swift in Sources */ = {isa = PBXBuildFile; fileRef = 31065E2929CC9F4C00981B4D /* URLBuilder.swift */; };
		31065E2C29CCC14500981B4D /* APIError.swift in Sources */ = {isa = PBXBuildFile; fileRef = 31065E2B29CCC14500981B4D /* APIError.swift */; };
		31065E2E29CCD01800981B4D /* MovieDetailsViewController.swift in Sources */ = {isa = PBXBuildFile; fileRef = 31065E2D29CCD01800981B4D /* MovieDetailsViewController.swift */; };
		31065E3029CCD04000981B4D /* MovieDetailsViewModel.swift in Sources */ = {isa = PBXBuildFile; fileRef = 31065E2F29CCD04000981B4D /* MovieDetailsViewModel.swift */; };
		31065E3429CCEA3200981B4D /* TopMoviesCollectionViewCellViewModel.swift in Sources */ = {isa = PBXBuildFile; fileRef = 31065E3329CCEA3200981B4D /* TopMoviesCollectionViewCellViewModel.swift */; };
		31065E3829CCF04E00981B4D /* IMDB_Top_Movies.xcdatamodeld in Sources */ = {isa = PBXBuildFile; fileRef = 31065E3629CCF04E00981B4D /* IMDB_Top_Movies.xcdatamodeld */; };
		31065E3A29CCF0ED00981B4D /* CoreDataManager.swift in Sources */ = {isa = PBXBuildFile; fileRef = 31065E3929CCF0ED00981B4D /* CoreDataManager.swift */; };
		31065E4B29CD85E900981B4D /* MovieItem+CoreDataClass.swift in Sources */ = {isa = PBXBuildFile; fileRef = 31065E4729CD85E900981B4D /* MovieItem+CoreDataClass.swift */; };
		31065E5029CD9B0A00981B4D /* StackViewSpacerView.swift in Sources */ = {isa = PBXBuildFile; fileRef = 31065E4F29CD9B0A00981B4D /* StackViewSpacerView.swift */; };
		31065E5229CDA83100981B4D /* MovieItem+CoreDataProperties.swift in Sources */ = {isa = PBXBuildFile; fileRef = 31065E5129CDA83100981B4D /* MovieItem+CoreDataProperties.swift */; };
		31065E5629CDBD1700981B4D /* Extension+UIViewController.swift in Sources */ = {isa = PBXBuildFile; fileRef = 31065E5529CDBD1700981B4D /* Extension+UIViewController.swift */; };
		31065E5829CDC18000981B4D /* ErrorDelegate.swift in Sources */ = {isa = PBXBuildFile; fileRef = 31065E5729CDC18000981B4D /* ErrorDelegate.swift */; };
		316CD52F29CDFCE600A3FDA8 /* ImageCacheManager.swift in Sources */ = {isa = PBXBuildFile; fileRef = 316CD52E29CDFCE600A3FDA8 /* ImageCacheManager.swift */; };
		316CD53129CDFF3E00A3FDA8 /* Extension+Array.swift in Sources */ = {isa = PBXBuildFile; fileRef = 316CD53029CDFF3E00A3FDA8 /* Extension+Array.swift */; };
		317C444E29CDC63E000516D3 /* Extension+XCTestCase.swift in Sources */ = {isa = PBXBuildFile; fileRef = 317C444D29CDC63E000516D3 /* Extension+XCTestCase.swift */; };
		317C445029CDC66F000516D3 /* TopMoviesViewControllerTests.swift in Sources */ = {isa = PBXBuildFile; fileRef = 317C444F29CDC66F000516D3 /* TopMoviesViewControllerTests.swift */; };
		317C445229CDC910000516D3 /* FakeNetworkManager.swift in Sources */ = {isa = PBXBuildFile; fileRef = 317C445129CDC910000516D3 /* FakeNetworkManager.swift */; };
		317C445429CDCED2000516D3 /* MockData.swift in Sources */ = {isa = PBXBuildFile; fileRef = 317C445329CDCED2000516D3 /* MockData.swift */; };
		317C445629CDD636000516D3 /* FakeCacheManager.swift in Sources */ = {isa = PBXBuildFile; fileRef = 317C445529CDD636000516D3 /* FakeCacheManager.swift */; };
		317C445829CDDDCF000516D3 /* MockUINavigationController.swift in Sources */ = {isa = PBXBuildFile; fileRef = 317C445729CDDDCF000516D3 /* MockUINavigationController.swift */; };
		317C445A29CDDFE0000516D3 /* MovieDetailsViewControllerTests.swift in Sources */ = {isa = PBXBuildFile; fileRef = 317C445929CDDFE0000516D3 /* MovieDetailsViewControllerTests.swift */; };
		317C445C29CDE0AA000516D3 /* FakeURLBuilder.swift in Sources */ = {isa = PBXBuildFile; fileRef = 317C445B29CDE0AA000516D3 /* FakeURLBuilder.swift */; };
		317F242029CB7F150042836D /* AppDelegate.swift in Sources */ = {isa = PBXBuildFile; fileRef = 317F241F29CB7F150042836D /* AppDelegate.swift */; };
		317F242229CB7F150042836D /* SceneDelegate.swift in Sources */ = {isa = PBXBuildFile; fileRef = 317F242129CB7F150042836D /* SceneDelegate.swift */; };
		317F242429CB7F150042836D /* TopMoviesViewController.swift in Sources */ = {isa = PBXBuildFile; fileRef = 317F242329CB7F150042836D /* TopMoviesViewController.swift */; };
		317F242929CB7F160042836D /* Assets.xcassets in Resources */ = {isa = PBXBuildFile; fileRef = 317F242829CB7F160042836D /* Assets.xcassets */; };
		317F242C29CB7F160042836D /* LaunchScreen.storyboard in Resources */ = {isa = PBXBuildFile; fileRef = 317F242A29CB7F160042836D /* LaunchScreen.storyboard */; };
		317F243B29CC45CF0042836D /* TopMoviesCollectionViewCell.swift in Sources */ = {isa = PBXBuildFile; fileRef = 317F243A29CC45CF0042836D /* TopMoviesCollectionViewCell.swift */; };
/* End PBXBuildFile section */

/* Begin PBXContainerItemProxy section */
		317C444629CDC51A000516D3 /* PBXContainerItemProxy */ = {
			isa = PBXContainerItemProxy;
			containerPortal = 317F241429CB7F150042836D /* Project object */;
			proxyType = 1;
			remoteGlobalIDString = 317F241B29CB7F150042836D;
			remoteInfo = "IMDb Top Movies";
		};
/* End PBXContainerItemProxy section */

/* Begin PBXFileReference section */
		31065E1629CC5AFF00981B4D /* Extension+UICollectionView.swift */ = {isa = PBXFileReference; lastKnownFileType = sourcecode.swift; path = "Extension+UICollectionView.swift"; sourceTree = "<group>"; };
		31065E1929CC5CF100981B4D /* Reusable.swift */ = {isa = PBXFileReference; lastKnownFileType = sourcecode.swift; path = Reusable.swift; sourceTree = "<group>"; };
		31065E1B29CC5E8700981B4D /* Extension+UIView.swift */ = {isa = PBXFileReference; lastKnownFileType = sourcecode.swift; path = "Extension+UIView.swift"; sourceTree = "<group>"; };
		31065E1E29CC62D300981B4D /* TopMoviesViewModel.swift */ = {isa = PBXFileReference; lastKnownFileType = sourcecode.swift; path = TopMoviesViewModel.swift; sourceTree = "<group>"; };
		31065E2029CC637A00981B4D /* Movie.swift */ = {isa = PBXFileReference; lastKnownFileType = sourcecode.swift; path = Movie.swift; sourceTree = "<group>"; };
		31065E2229CC669E00981B4D /* TopMoviesSectionHeaderView.swift */ = {isa = PBXFileReference; lastKnownFileType = sourcecode.swift; path = TopMoviesSectionHeaderView.swift; sourceTree = "<group>"; };
		31065E2429CC7B9A00981B4D /* Extension+UIColor.swift */ = {isa = PBXFileReference; lastKnownFileType = sourcecode.swift; path = "Extension+UIColor.swift"; sourceTree = "<group>"; };
		31065E2729CC854500981B4D /* NetwortManager.swift */ = {isa = PBXFileReference; lastKnownFileType = sourcecode.swift; path = NetwortManager.swift; sourceTree = "<group>"; };
		31065E2929CC9F4C00981B4D /* URLBuilder.swift */ = {isa = PBXFileReference; lastKnownFileType = sourcecode.swift; path = URLBuilder.swift; sourceTree = "<group>"; };
		31065E2B29CCC14500981B4D /* APIError.swift */ = {isa = PBXFileReference; lastKnownFileType = sourcecode.swift; path = APIError.swift; sourceTree = "<group>"; };
		31065E2D29CCD01800981B4D /* MovieDetailsViewController.swift */ = {isa = PBXFileReference; lastKnownFileType = sourcecode.swift; path = MovieDetailsViewController.swift; sourceTree = "<group>"; };
		31065E2F29CCD04000981B4D /* MovieDetailsViewModel.swift */ = {isa = PBXFileReference; lastKnownFileType = sourcecode.swift; path = MovieDetailsViewModel.swift; sourceTree = "<group>"; };
		31065E3329CCEA3200981B4D /* TopMoviesCollectionViewCellViewModel.swift */ = {isa = PBXFileReference; lastKnownFileType = sourcecode.swift; path = TopMoviesCollectionViewCellViewModel.swift; sourceTree = "<group>"; };
		31065E3729CCF04E00981B4D /* IMDB_Top_Movies.xcdatamodel */ = {isa = PBXFileReference; lastKnownFileType = wrapper.xcdatamodel; path = IMDB_Top_Movies.xcdatamodel; sourceTree = "<group>"; };
		31065E3929CCF0ED00981B4D /* CoreDataManager.swift */ = {isa = PBXFileReference; lastKnownFileType = sourcecode.swift; path = CoreDataManager.swift; sourceTree = "<group>"; };
		31065E4729CD85E900981B4D /* MovieItem+CoreDataClass.swift */ = {isa = PBXFileReference; lastKnownFileType = sourcecode.swift; path = "MovieItem+CoreDataClass.swift"; sourceTree = "<group>"; };
		31065E4F29CD9B0A00981B4D /* StackViewSpacerView.swift */ = {isa = PBXFileReference; lastKnownFileType = sourcecode.swift; path = StackViewSpacerView.swift; sourceTree = "<group>"; };
		31065E5129CDA83100981B4D /* MovieItem+CoreDataProperties.swift */ = {isa = PBXFileReference; lastKnownFileType = sourcecode.swift; path = "MovieItem+CoreDataProperties.swift"; sourceTree = "<group>"; };
		31065E5529CDBD1700981B4D /* Extension+UIViewController.swift */ = {isa = PBXFileReference; lastKnownFileType = sourcecode.swift; path = "Extension+UIViewController.swift"; sourceTree = "<group>"; };
		31065E5729CDC18000981B4D /* ErrorDelegate.swift */ = {isa = PBXFileReference; lastKnownFileType = sourcecode.swift; path = ErrorDelegate.swift; sourceTree = "<group>"; };
		316CD52E29CDFCE600A3FDA8 /* ImageCacheManager.swift */ = {isa = PBXFileReference; lastKnownFileType = sourcecode.swift; path = ImageCacheManager.swift; sourceTree = "<group>"; };
		316CD53029CDFF3E00A3FDA8 /* Extension+Array.swift */ = {isa = PBXFileReference; lastKnownFileType = sourcecode.swift; path = "Extension+Array.swift"; sourceTree = "<group>"; };
		317C444229CDC51A000516D3 /* IMDb Top MoviesTests.xctest */ = {isa = PBXFileReference; explicitFileType = wrapper.cfbundle; includeInIndex = 0; path = "IMDb Top MoviesTests.xctest"; sourceTree = BUILT_PRODUCTS_DIR; };
		317C444D29CDC63E000516D3 /* Extension+XCTestCase.swift */ = {isa = PBXFileReference; lastKnownFileType = sourcecode.swift; path = "Extension+XCTestCase.swift"; sourceTree = "<group>"; };
		317C444F29CDC66F000516D3 /* TopMoviesViewControllerTests.swift */ = {isa = PBXFileReference; lastKnownFileType = sourcecode.swift; path = TopMoviesViewControllerTests.swift; sourceTree = "<group>"; };
		317C445129CDC910000516D3 /* FakeNetworkManager.swift */ = {isa = PBXFileReference; lastKnownFileType = sourcecode.swift; path = FakeNetworkManager.swift; sourceTree = "<group>"; };
		317C445329CDCED2000516D3 /* MockData.swift */ = {isa = PBXFileReference; lastKnownFileType = sourcecode.swift; path = MockData.swift; sourceTree = "<group>"; };
		317C445529CDD636000516D3 /* FakeCacheManager.swift */ = {isa = PBXFileReference; lastKnownFileType = sourcecode.swift; path = FakeCacheManager.swift; sourceTree = "<group>"; };
		317C445729CDDDCF000516D3 /* MockUINavigationController.swift */ = {isa = PBXFileReference; lastKnownFileType = sourcecode.swift; path = MockUINavigationController.swift; sourceTree = "<group>"; };
		317C445929CDDFE0000516D3 /* MovieDetailsViewControllerTests.swift */ = {isa = PBXFileReference; lastKnownFileType = sourcecode.swift; path = MovieDetailsViewControllerTests.swift; sourceTree = "<group>"; };
		317C445B29CDE0AA000516D3 /* FakeURLBuilder.swift */ = {isa = PBXFileReference; lastKnownFileType = sourcecode.swift; path = FakeURLBuilder.swift; sourceTree = "<group>"; };
		317F241C29CB7F150042836D /* IMDb Top Movies.app */ = {isa = PBXFileReference; explicitFileType = wrapper.application; includeInIndex = 0; path = "IMDb Top Movies.app"; sourceTree = BUILT_PRODUCTS_DIR; };
		317F241F29CB7F150042836D /* AppDelegate.swift */ = {isa = PBXFileReference; lastKnownFileType = sourcecode.swift; path = AppDelegate.swift; sourceTree = "<group>"; };
		317F242129CB7F150042836D /* SceneDelegate.swift */ = {isa = PBXFileReference; lastKnownFileType = sourcecode.swift; path = SceneDelegate.swift; sourceTree = "<group>"; };
		317F242329CB7F150042836D /* TopMoviesViewController.swift */ = {isa = PBXFileReference; lastKnownFileType = sourcecode.swift; path = TopMoviesViewController.swift; sourceTree = "<group>"; };
		317F242829CB7F160042836D /* Assets.xcassets */ = {isa = PBXFileReference; lastKnownFileType = folder.assetcatalog; path = Assets.xcassets; sourceTree = "<group>"; };
		317F242B29CB7F160042836D /* Base */ = {isa = PBXFileReference; lastKnownFileType = file.storyboard; name = Base; path = Base.lproj/LaunchScreen.storyboard; sourceTree = "<group>"; };
		317F242D29CB7F160042836D /* Info.plist */ = {isa = PBXFileReference; lastKnownFileType = text.plist.xml; path = Info.plist; sourceTree = "<group>"; };
		317F243A29CC45CF0042836D /* TopMoviesCollectionViewCell.swift */ = {isa = PBXFileReference; lastKnownFileType = sourcecode.swift; path = TopMoviesCollectionViewCell.swift; sourceTree = "<group>"; };
/* End PBXFileReference section */

/* Begin PBXFrameworksBuildPhase section */
		317C443F29CDC51A000516D3 /* Frameworks */ = {
			isa = PBXFrameworksBuildPhase;
			buildActionMask = 2147483647;
			files = (
			);
			runOnlyForDeploymentPostprocessing = 0;
		};
		317F241929CB7F150042836D /* Frameworks */ = {
			isa = PBXFrameworksBuildPhase;
			buildActionMask = 2147483647;
			files = (
			);
			runOnlyForDeploymentPostprocessing = 0;
		};
/* End PBXFrameworksBuildPhase section */

/* Begin PBXGroup section */
		31065E1529CC5AD400981B4D /* Helpers */ = {
			isa = PBXGroup;
			children = (
				31065E1629CC5AFF00981B4D /* Extension+UICollectionView.swift */,
				31065E5529CDBD1700981B4D /* Extension+UIViewController.swift */,
				31065E1B29CC5E8700981B4D /* Extension+UIView.swift */,
				31065E2429CC7B9A00981B4D /* Extension+UIColor.swift */,
				316CD53029CDFF3E00A3FDA8 /* Extension+Array.swift */,
			);
			path = Helpers;
			sourceTree = "<group>";
		};
		31065E1829CC5CDD00981B4D /* Protocols */ = {
			isa = PBXGroup;
			children = (
				31065E1929CC5CF100981B4D /* Reusable.swift */,
				31065E5729CDC18000981B4D /* ErrorDelegate.swift */,
			);
			path = Protocols;
			sourceTree = "<group>";
		};
		31065E1D29CC62C000981B4D /* ViewModels */ = {
			isa = PBXGroup;
			children = (
				31065E1E29CC62D300981B4D /* TopMoviesViewModel.swift */,
				31065E3329CCEA3200981B4D /* TopMoviesCollectionViewCellViewModel.swift */,
				31065E2F29CCD04000981B4D /* MovieDetailsViewModel.swift */,
			);
			path = ViewModels;
			sourceTree = "<group>";
		};
		31065E2629CC853000981B4D /* Managers */ = {
			isa = PBXGroup;
			children = (
				31065E2729CC854500981B4D /* NetwortManager.swift */,
				31065E3929CCF0ED00981B4D /* CoreDataManager.swift */,
				316CD52E29CDFCE600A3FDA8 /* ImageCacheManager.swift */,
				31065E2B29CCC14500981B4D /* APIError.swift */,
				31065E2929CC9F4C00981B4D /* URLBuilder.swift */,
			);
			path = Managers;
			sourceTree = "<group>";
		};
		31065E3529CCF00200981B4D /* CoreData */ = {
			isa = PBXGroup;
			children = (
				31065E4729CD85E900981B4D /* MovieItem+CoreDataClass.swift */,
				31065E5129CDA83100981B4D /* MovieItem+CoreDataProperties.swift */,
				31065E3629CCF04E00981B4D /* IMDB_Top_Movies.xcdatamodeld */,
			);
			path = CoreData;
			sourceTree = "<group>";
		};
		317C444329CDC51A000516D3 /* IMDb Top MoviesTests */ = {
			isa = PBXGroup;
			children = (
				317C444C29CDC5AC000516D3 /* Mocks */,
				317C444B29CDC5A5000516D3 /* Tests */,
			);
			path = "IMDb Top MoviesTests";
			sourceTree = "<group>";
		};
		317C444B29CDC5A5000516D3 /* Tests */ = {
			isa = PBXGroup;
			children = (
				317C444F29CDC66F000516D3 /* TopMoviesViewControllerTests.swift */,
				317C445929CDDFE0000516D3 /* MovieDetailsViewControllerTests.swift */,
			);
			path = Tests;
			sourceTree = "<group>";
		};
		317C444C29CDC5AC000516D3 /* Mocks */ = {
			isa = PBXGroup;
			children = (
				317C444D29CDC63E000516D3 /* Extension+XCTestCase.swift */,
				317C445129CDC910000516D3 /* FakeNetworkManager.swift */,
				317C445529CDD636000516D3 /* FakeCacheManager.swift */,
				317C445B29CDE0AA000516D3 /* FakeURLBuilder.swift */,
				317C445329CDCED2000516D3 /* MockData.swift */,
				317C445729CDDDCF000516D3 /* MockUINavigationController.swift */,
			);
			path = Mocks;
			sourceTree = "<group>";
		};
		317F241329CB7F150042836D = {
			isa = PBXGroup;
			children = (
				317F241E29CB7F150042836D /* IMDb Top Movies */,
				317C444329CDC51A000516D3 /* IMDb Top MoviesTests */,
				317F241D29CB7F150042836D /* Products */,
			);
			sourceTree = "<group>";
		};
		317F241D29CB7F150042836D /* Products */ = {
			isa = PBXGroup;
			children = (
				317F241C29CB7F150042836D /* IMDb Top Movies.app */,
				317C444229CDC51A000516D3 /* IMDb Top MoviesTests.xctest */,
			);
			name = Products;
			sourceTree = "<group>";
		};
		317F241E29CB7F150042836D /* IMDb Top Movies */ = {
			isa = PBXGroup;
			children = (
				31065E1829CC5CDD00981B4D /* Protocols */,
				31065E1529CC5AD400981B4D /* Helpers */,
				317F243929CC44580042836D /* Models */,
				317F243529CC42460042836D /* ViewControllers */,
				31065E1D29CC62C000981B4D /* ViewModels */,
				317F243629CC43BA0042836D /* Views */,
				31065E2629CC853000981B4D /* Managers */,
				31065E3529CCF00200981B4D /* CoreData */,
				317F243429CB88F80042836D /* Supporting files */,
			);
			path = "IMDb Top Movies";
			sourceTree = "<group>";
		};
		317F243429CB88F80042836D /* Supporting files */ = {
			isa = PBXGroup;
			children = (
				317F241F29CB7F150042836D /* AppDelegate.swift */,
				317F242129CB7F150042836D /* SceneDelegate.swift */,
				317F242829CB7F160042836D /* Assets.xcassets */,
				317F242A29CB7F160042836D /* LaunchScreen.storyboard */,
				317F242D29CB7F160042836D /* Info.plist */,
			);
			path = "Supporting files";
			sourceTree = "<group>";
		};
		317F243529CC42460042836D /* ViewControllers */ = {
			isa = PBXGroup;
			children = (
				317F242329CB7F150042836D /* TopMoviesViewController.swift */,
				31065E2D29CCD01800981B4D /* MovieDetailsViewController.swift */,
			);
			path = ViewControllers;
			sourceTree = "<group>";
		};
		317F243629CC43BA0042836D /* Views */ = {
			isa = PBXGroup;
			children = (
				317F243A29CC45CF0042836D /* TopMoviesCollectionViewCell.swift */,
				31065E2229CC669E00981B4D /* TopMoviesSectionHeaderView.swift */,
				31065E4F29CD9B0A00981B4D /* StackViewSpacerView.swift */,
			);
			path = Views;
			sourceTree = "<group>";
		};
		317F243929CC44580042836D /* Models */ = {
			isa = PBXGroup;
			children = (
				31065E2029CC637A00981B4D /* Movie.swift */,
			);
			path = Models;
			sourceTree = "<group>";
		};
/* End PBXGroup section */

/* Begin PBXNativeTarget section */
		317C444129CDC51A000516D3 /* IMDb Top MoviesTests */ = {
			isa = PBXNativeTarget;
			buildConfigurationList = 317C444A29CDC51A000516D3 /* Build configuration list for PBXNativeTarget "IMDb Top MoviesTests" */;
			buildPhases = (
				317C443E29CDC51A000516D3 /* Sources */,
				317C443F29CDC51A000516D3 /* Frameworks */,
				317C444029CDC51A000516D3 /* Resources */,
			);
			buildRules = (
			);
			dependencies = (
				317C444729CDC51A000516D3 /* PBXTargetDependency */,
			);
			name = "IMDb Top MoviesTests";
			productName = "IMDb Top MoviesTests";
			productReference = 317C444229CDC51A000516D3 /* IMDb Top MoviesTests.xctest */;
			productType = "com.apple.product-type.bundle.unit-test";
		};
		317F241B29CB7F150042836D /* IMDb Top Movies */ = {
			isa = PBXNativeTarget;
			buildConfigurationList = 317F243029CB7F160042836D /* Build configuration list for PBXNativeTarget "IMDb Top Movies" */;
			buildPhases = (
				317F241829CB7F150042836D /* Sources */,
				317F241929CB7F150042836D /* Frameworks */,
				317F241A29CB7F150042836D /* Resources */,
			);
			buildRules = (
			);
			dependencies = (
			);
			name = "IMDb Top Movies";
			productName = "IMDb Top Movies";
			productReference = 317F241C29CB7F150042836D /* IMDb Top Movies.app */;
			productType = "com.apple.product-type.application";
		};
/* End PBXNativeTarget section */

/* Begin PBXProject section */
		317F241429CB7F150042836D /* Project object */ = {
			isa = PBXProject;
			attributes = {
				BuildIndependentTargetsInParallel = 1;
				LastSwiftUpdateCheck = 1400;
				LastUpgradeCheck = 1400;
				TargetAttributes = {
					317C444129CDC51A000516D3 = {
						CreatedOnToolsVersion = 14.0.1;
						TestTargetID = 317F241B29CB7F150042836D;
					};
					317F241B29CB7F150042836D = {
						CreatedOnToolsVersion = 14.0.1;
					};
				};
			};
			buildConfigurationList = 317F241729CB7F150042836D /* Build configuration list for PBXProject "IMDb Top Movies" */;
			compatibilityVersion = "Xcode 14.0";
			developmentRegion = en;
			hasScannedForEncodings = 0;
			knownRegions = (
				en,
				Base,
			);
			mainGroup = 317F241329CB7F150042836D;
			productRefGroup = 317F241D29CB7F150042836D /* Products */;
			projectDirPath = "";
			projectRoot = "";
			targets = (
				317F241B29CB7F150042836D /* IMDb Top Movies */,
				317C444129CDC51A000516D3 /* IMDb Top MoviesTests */,
			);
		};
/* End PBXProject section */

/* Begin PBXResourcesBuildPhase section */
		317C444029CDC51A000516D3 /* Resources */ = {
			isa = PBXResourcesBuildPhase;
			buildActionMask = 2147483647;
			files = (
			);
			runOnlyForDeploymentPostprocessing = 0;
		};
		317F241A29CB7F150042836D /* Resources */ = {
			isa = PBXResourcesBuildPhase;
			buildActionMask = 2147483647;
			files = (
				317F242C29CB7F160042836D /* LaunchScreen.storyboard in Resources */,
				317F242929CB7F160042836D /* Assets.xcassets in Resources */,
			);
			runOnlyForDeploymentPostprocessing = 0;
		};
/* End PBXResourcesBuildPhase section */

/* Begin PBXSourcesBuildPhase section */
		317C443E29CDC51A000516D3 /* Sources */ = {
			isa = PBXSourcesBuildPhase;
			buildActionMask = 2147483647;
			files = (
				317C445C29CDE0AA000516D3 /* FakeURLBuilder.swift in Sources */,
				317C444E29CDC63E000516D3 /* Extension+XCTestCase.swift in Sources */,
				317C445A29CDDFE0000516D3 /* MovieDetailsViewControllerTests.swift in Sources */,
				317C445429CDCED2000516D3 /* MockData.swift in Sources */,
				317C445029CDC66F000516D3 /* TopMoviesViewControllerTests.swift in Sources */,
				317C445829CDDDCF000516D3 /* MockUINavigationController.swift in Sources */,
				317C445229CDC910000516D3 /* FakeNetworkManager.swift in Sources */,
				317C445629CDD636000516D3 /* FakeCacheManager.swift in Sources */,
			);
			runOnlyForDeploymentPostprocessing = 0;
		};
		317F241829CB7F150042836D /* Sources */ = {
			isa = PBXSourcesBuildPhase;
			buildActionMask = 2147483647;
			files = (
				31065E2329CC669E00981B4D /* TopMoviesSectionHeaderView.swift in Sources */,
				31065E5829CDC18000981B4D /* ErrorDelegate.swift in Sources */,
				31065E1C29CC5E8700981B4D /* Extension+UIView.swift in Sources */,
				31065E1A29CC5CF100981B4D /* Reusable.swift in Sources */,
				31065E2129CC637A00981B4D /* Movie.swift in Sources */,
				31065E2A29CC9F4C00981B4D /* URLBuilder.swift in Sources */,
				31065E4B29CD85E900981B4D /* MovieItem+CoreDataClass.swift in Sources */,
				31065E3429CCEA3200981B4D /* TopMoviesCollectionViewCellViewModel.swift in Sources */,
				316CD52F29CDFCE600A3FDA8 /* ImageCacheManager.swift in Sources */,
				31065E5629CDBD1700981B4D /* Extension+UIViewController.swift in Sources */,
				31065E2E29CCD01800981B4D /* MovieDetailsViewController.swift in Sources */,
				316CD53129CDFF3E00A3FDA8 /* Extension+Array.swift in Sources */,
				317F242429CB7F150042836D /* TopMoviesViewController.swift in Sources */,
				317F242029CB7F150042836D /* AppDelegate.swift in Sources */,
				31065E3029CCD04000981B4D /* MovieDetailsViewModel.swift in Sources */,
				317F243B29CC45CF0042836D /* TopMoviesCollectionViewCell.swift in Sources */,
				31065E1F29CC62D300981B4D /* TopMoviesViewModel.swift in Sources */,
				31065E3829CCF04E00981B4D /* IMDB_Top_Movies.xcdatamodeld in Sources */,
				31065E5029CD9B0A00981B4D /* StackViewSpacerView.swift in Sources */,
				317F242229CB7F150042836D /* SceneDelegate.swift in Sources */,
				31065E2829CC854500981B4D /* NetwortManager.swift in Sources */,
				31065E5229CDA83100981B4D /* MovieItem+CoreDataProperties.swift in Sources */,
				31065E1729CC5AFF00981B4D /* Extension+UICollectionView.swift in Sources */,
				31065E2529CC7B9A00981B4D /* Extension+UIColor.swift in Sources */,
				31065E3A29CCF0ED00981B4D /* CoreDataManager.swift in Sources */,
				31065E2C29CCC14500981B4D /* APIError.swift in Sources */,
			);
			runOnlyForDeploymentPostprocessing = 0;
		};
/* End PBXSourcesBuildPhase section */

/* Begin PBXTargetDependency section */
		317C444729CDC51A000516D3 /* PBXTargetDependency */ = {
			isa = PBXTargetDependency;
			target = 317F241B29CB7F150042836D /* IMDb Top Movies */;
			targetProxy = 317C444629CDC51A000516D3 /* PBXContainerItemProxy */;
		};
/* End PBXTargetDependency section */

/* Begin PBXVariantGroup section */
		317F242A29CB7F160042836D /* LaunchScreen.storyboard */ = {
			isa = PBXVariantGroup;
			children = (
				317F242B29CB7F160042836D /* Base */,
			);
			name = LaunchScreen.storyboard;
			sourceTree = "<group>";
		};
/* End PBXVariantGroup section */

/* Begin XCBuildConfiguration section */
		317C444829CDC51A000516D3 /* Debug */ = {
			isa = XCBuildConfiguration;
			buildSettings = {
				BUNDLE_LOADER = "$(TEST_HOST)";
				CODE_SIGN_STYLE = Automatic;
				CURRENT_PROJECT_VERSION = 1;
				DEVELOPMENT_TEAM = 9964CXZHWZ;
				GENERATE_INFOPLIST_FILE = YES;
				IPHONEOS_DEPLOYMENT_TARGET = 15.0;
				MARKETING_VERSION = 1.0;
				PRODUCT_BUNDLE_IDENTIFIER = "olegstasiw.IMDb-Top-MoviesTests";
				PRODUCT_NAME = "$(TARGET_NAME)";
				SWIFT_EMIT_LOC_STRINGS = NO;
				SWIFT_VERSION = 5.0;
				TARGETED_DEVICE_FAMILY = "1,2";
				TEST_HOST = "$(BUILT_PRODUCTS_DIR)/IMDb Top Movies.app/$(BUNDLE_EXECUTABLE_FOLDER_PATH)/IMDb Top Movies";
			};
			name = Debug;
		};
		317C444929CDC51A000516D3 /* Release */ = {
			isa = XCBuildConfiguration;
			buildSettings = {
				BUNDLE_LOADER = "$(TEST_HOST)";
				CODE_SIGN_STYLE = Automatic;
				CURRENT_PROJECT_VERSION = 1;
				DEVELOPMENT_TEAM = 9964CXZHWZ;
				GENERATE_INFOPLIST_FILE = YES;
				IPHONEOS_DEPLOYMENT_TARGET = 15.0;
				MARKETING_VERSION = 1.0;
				PRODUCT_BUNDLE_IDENTIFIER = "olegstasiw.IMDb-Top-MoviesTests";
				PRODUCT_NAME = "$(TARGET_NAME)";
				SWIFT_EMIT_LOC_STRINGS = NO;
				SWIFT_VERSION = 5.0;
				TARGETED_DEVICE_FAMILY = "1,2";
				TEST_HOST = "$(BUILT_PRODUCTS_DIR)/IMDb Top Movies.app/$(BUNDLE_EXECUTABLE_FOLDER_PATH)/IMDb Top Movies";
			};
			name = Release;
		};
		317F242E29CB7F160042836D /* Debug */ = {
			isa = XCBuildConfiguration;
			buildSettings = {
				ALWAYS_SEARCH_USER_PATHS = NO;
				CLANG_ANALYZER_NONNULL = YES;
				CLANG_ANALYZER_NUMBER_OBJECT_CONVERSION = YES_AGGRESSIVE;
				CLANG_CXX_LANGUAGE_STANDARD = "gnu++20";
				CLANG_ENABLE_MODULES = YES;
				CLANG_ENABLE_OBJC_ARC = YES;
				CLANG_ENABLE_OBJC_WEAK = YES;
				CLANG_WARN_BLOCK_CAPTURE_AUTORELEASING = YES;
				CLANG_WARN_BOOL_CONVERSION = YES;
				CLANG_WARN_COMMA = YES;
				CLANG_WARN_CONSTANT_CONVERSION = YES;
				CLANG_WARN_DEPRECATED_OBJC_IMPLEMENTATIONS = YES;
				CLANG_WARN_DIRECT_OBJC_ISA_USAGE = YES_ERROR;
				CLANG_WARN_DOCUMENTATION_COMMENTS = YES;
				CLANG_WARN_EMPTY_BODY = YES;
				CLANG_WARN_ENUM_CONVERSION = YES;
				CLANG_WARN_INFINITE_RECURSION = YES;
				CLANG_WARN_INT_CONVERSION = YES;
				CLANG_WARN_NON_LITERAL_NULL_CONVERSION = YES;
				CLANG_WARN_OBJC_IMPLICIT_RETAIN_SELF = YES;
				CLANG_WARN_OBJC_LITERAL_CONVERSION = YES;
				CLANG_WARN_OBJC_ROOT_CLASS = YES_ERROR;
				CLANG_WARN_QUOTED_INCLUDE_IN_FRAMEWORK_HEADER = YES;
				CLANG_WARN_RANGE_LOOP_ANALYSIS = YES;
				CLANG_WARN_STRICT_PROTOTYPES = YES;
				CLANG_WARN_SUSPICIOUS_MOVE = YES;
				CLANG_WARN_UNGUARDED_AVAILABILITY = YES_AGGRESSIVE;
				CLANG_WARN_UNREACHABLE_CODE = YES;
				CLANG_WARN__DUPLICATE_METHOD_MATCH = YES;
				COPY_PHASE_STRIP = NO;
				DEBUG_INFORMATION_FORMAT = dwarf;
				ENABLE_STRICT_OBJC_MSGSEND = YES;
				ENABLE_TESTABILITY = YES;
				GCC_C_LANGUAGE_STANDARD = gnu11;
				GCC_DYNAMIC_NO_PIC = NO;
				GCC_NO_COMMON_BLOCKS = YES;
				GCC_OPTIMIZATION_LEVEL = 0;
				GCC_PREPROCESSOR_DEFINITIONS = (
					"DEBUG=1",
					"$(inherited)",
				);
				GCC_WARN_64_TO_32_BIT_CONVERSION = YES;
				GCC_WARN_ABOUT_RETURN_TYPE = YES_ERROR;
				GCC_WARN_UNDECLARED_SELECTOR = YES;
				GCC_WARN_UNINITIALIZED_AUTOS = YES_AGGRESSIVE;
				GCC_WARN_UNUSED_FUNCTION = YES;
				GCC_WARN_UNUSED_VARIABLE = YES;
				IPHONEOS_DEPLOYMENT_TARGET = 15.0;
				MTL_ENABLE_DEBUG_INFO = INCLUDE_SOURCE;
				MTL_FAST_MATH = YES;
				ONLY_ACTIVE_ARCH = YES;
				SDKROOT = iphoneos;
				SWIFT_ACTIVE_COMPILATION_CONDITIONS = DEBUG;
				SWIFT_OPTIMIZATION_LEVEL = "-Onone";
			};
			name = Debug;
		};
		317F242F29CB7F160042836D /* Release */ = {
			isa = XCBuildConfiguration;
			buildSettings = {
				ALWAYS_SEARCH_USER_PATHS = NO;
				CLANG_ANALYZER_NONNULL = YES;
				CLANG_ANALYZER_NUMBER_OBJECT_CONVERSION = YES_AGGRESSIVE;
				CLANG_CXX_LANGUAGE_STANDARD = "gnu++20";
				CLANG_ENABLE_MODULES = YES;
				CLANG_ENABLE_OBJC_ARC = YES;
				CLANG_ENABLE_OBJC_WEAK = YES;
				CLANG_WARN_BLOCK_CAPTURE_AUTORELEASING = YES;
				CLANG_WARN_BOOL_CONVERSION = YES;
				CLANG_WARN_COMMA = YES;
				CLANG_WARN_CONSTANT_CONVERSION = YES;
				CLANG_WARN_DEPRECATED_OBJC_IMPLEMENTATIONS = YES;
				CLANG_WARN_DIRECT_OBJC_ISA_USAGE = YES_ERROR;
				CLANG_WARN_DOCUMENTATION_COMMENTS = YES;
				CLANG_WARN_EMPTY_BODY = YES;
				CLANG_WARN_ENUM_CONVERSION = YES;
				CLANG_WARN_INFINITE_RECURSION = YES;
				CLANG_WARN_INT_CONVERSION = YES;
				CLANG_WARN_NON_LITERAL_NULL_CONVERSION = YES;
				CLANG_WARN_OBJC_IMPLICIT_RETAIN_SELF = YES;
				CLANG_WARN_OBJC_LITERAL_CONVERSION = YES;
				CLANG_WARN_OBJC_ROOT_CLASS = YES_ERROR;
				CLANG_WARN_QUOTED_INCLUDE_IN_FRAMEWORK_HEADER = YES;
				CLANG_WARN_RANGE_LOOP_ANALYSIS = YES;
				CLANG_WARN_STRICT_PROTOTYPES = YES;
				CLANG_WARN_SUSPICIOUS_MOVE = YES;
				CLANG_WARN_UNGUARDED_AVAILABILITY = YES_AGGRESSIVE;
				CLANG_WARN_UNREACHABLE_CODE = YES;
				CLANG_WARN__DUPLICATE_METHOD_MATCH = YES;
				COPY_PHASE_STRIP = NO;
				DEBUG_INFORMATION_FORMAT = "dwarf-with-dsym";
				ENABLE_NS_ASSERTIONS = NO;
				ENABLE_STRICT_OBJC_MSGSEND = YES;
				GCC_C_LANGUAGE_STANDARD = gnu11;
				GCC_NO_COMMON_BLOCKS = YES;
				GCC_WARN_64_TO_32_BIT_CONVERSION = YES;
				GCC_WARN_ABOUT_RETURN_TYPE = YES_ERROR;
				GCC_WARN_UNDECLARED_SELECTOR = YES;
				GCC_WARN_UNINITIALIZED_AUTOS = YES_AGGRESSIVE;
				GCC_WARN_UNUSED_FUNCTION = YES;
				GCC_WARN_UNUSED_VARIABLE = YES;
				IPHONEOS_DEPLOYMENT_TARGET = 15.0;
				MTL_ENABLE_DEBUG_INFO = NO;
				MTL_FAST_MATH = YES;
				SDKROOT = iphoneos;
				SWIFT_COMPILATION_MODE = wholemodule;
				SWIFT_OPTIMIZATION_LEVEL = "-O";
				VALIDATE_PRODUCT = YES;
			};
			name = Release;
		};
		317F243129CB7F160042836D /* Debug */ = {
			isa = XCBuildConfiguration;
			buildSettings = {
				ASSETCATALOG_COMPILER_APPICON_NAME = AppIcon;
				ASSETCATALOG_COMPILER_GLOBAL_ACCENT_COLOR_NAME = AccentColor;
				CODE_SIGN_STYLE = Automatic;
				CURRENT_PROJECT_VERSION = 1;
				DEVELOPMENT_TEAM = 9964CXZHWZ;
				GENERATE_INFOPLIST_FILE = YES;
				INFOPLIST_FILE = "IMDb Top Movies/Supporting files/Info.plist";
				INFOPLIST_KEY_UIApplicationSupportsIndirectInputEvents = YES;
				INFOPLIST_KEY_UILaunchStoryboardName = LaunchScreen;
				INFOPLIST_KEY_UIMainStoryboardFile = "";
				INFOPLIST_KEY_UISupportedInterfaceOrientations_iPad = "UIInterfaceOrientationPortrait UIInterfaceOrientationPortraitUpsideDown UIInterfaceOrientationLandscapeLeft UIInterfaceOrientationLandscapeRight";
				INFOPLIST_KEY_UISupportedInterfaceOrientations_iPhone = "UIInterfaceOrientationPortrait UIInterfaceOrientationLandscapeLeft UIInterfaceOrientationLandscapeRight";
				IPHONEOS_DEPLOYMENT_TARGET = 15.0;
				LD_RUNPATH_SEARCH_PATHS = (
					"$(inherited)",
					"@executable_path/Frameworks",
				);
				MARKETING_VERSION = 1.0;
				PRODUCT_BUNDLE_IDENTIFIER = "olegstasiw.IMDb-Top-Movies";
				PRODUCT_NAME = "$(TARGET_NAME)";
				SWIFT_EMIT_LOC_STRINGS = YES;
				SWIFT_VERSION = 5.0;
				TARGETED_DEVICE_FAMILY = "1,2";
			};
			name = Debug;
		};
		317F243229CB7F160042836D /* Release */ = {
			isa = XCBuildConfiguration;
			buildSettings = {
				ASSETCATALOG_COMPILER_APPICON_NAME = AppIcon;
				ASSETCATALOG_COMPILER_GLOBAL_ACCENT_COLOR_NAME = AccentColor;
				CODE_SIGN_STYLE = Automatic;
				CURRENT_PROJECT_VERSION = 1;
				DEVELOPMENT_TEAM = 9964CXZHWZ;
				GENERATE_INFOPLIST_FILE = YES;
				INFOPLIST_FILE = "IMDb Top Movies/Supporting files/Info.plist";
				INFOPLIST_KEY_UIApplicationSupportsIndirectInputEvents = YES;
				INFOPLIST_KEY_UILaunchStoryboardName = LaunchScreen;
				INFOPLIST_KEY_UIMainStoryboardFile = "";
				INFOPLIST_KEY_UISupportedInterfaceOrientations_iPad = "UIInterfaceOrientationPortrait UIInterfaceOrientationPortraitUpsideDown UIInterfaceOrientationLandscapeLeft UIInterfaceOrientationLandscapeRight";
				INFOPLIST_KEY_UISupportedInterfaceOrientations_iPhone = "UIInterfaceOrientationPortrait UIInterfaceOrientationLandscapeLeft UIInterfaceOrientationLandscapeRight";
				IPHONEOS_DEPLOYMENT_TARGET = 15.0;
				LD_RUNPATH_SEARCH_PATHS = (
					"$(inherited)",
					"@executable_path/Frameworks",
				);
				MARKETING_VERSION = 1.0;
				PRODUCT_BUNDLE_IDENTIFIER = "olegstasiw.IMDb-Top-Movies";
				PRODUCT_NAME = "$(TARGET_NAME)";
				SWIFT_EMIT_LOC_STRINGS = YES;
				SWIFT_VERSION = 5.0;
				TARGETED_DEVICE_FAMILY = "1,2";
			};
			name = Release;
		};
/* End XCBuildConfiguration section */

/* Begin XCConfigurationList section */
		317C444A29CDC51A000516D3 /* Build configuration list for PBXNativeTarget "IMDb Top MoviesTests" */ = {
			isa = XCConfigurationList;
			buildConfigurations = (
				317C444829CDC51A000516D3 /* Debug */,
				317C444929CDC51A000516D3 /* Release */,
			);
			defaultConfigurationIsVisible = 0;
			defaultConfigurationName = Release;
		};
		317F241729CB7F150042836D /* Build configuration list for PBXProject "IMDb Top Movies" */ = {
			isa = XCConfigurationList;
			buildConfigurations = (
				317F242E29CB7F160042836D /* Debug */,
				317F242F29CB7F160042836D /* Release */,
			);
			defaultConfigurationIsVisible = 0;
			defaultConfigurationName = Release;
		};
		317F243029CB7F160042836D /* Build configuration list for PBXNativeTarget "IMDb Top Movies" */ = {
			isa = XCConfigurationList;
			buildConfigurations = (
				317F243129CB7F160042836D /* Debug */,
				317F243229CB7F160042836D /* Release */,
			);
			defaultConfigurationIsVisible = 0;
			defaultConfigurationName = Release;
		};
/* End XCConfigurationList section */

/* Begin XCVersionGroup section */
		31065E3629CCF04E00981B4D /* IMDB_Top_Movies.xcdatamodeld */ = {
			isa = XCVersionGroup;
			children = (
				31065E3729CCF04E00981B4D /* IMDB_Top_Movies.xcdatamodel */,
			);
			currentVersion = 31065E3729CCF04E00981B4D /* IMDB_Top_Movies.xcdatamodel */;
			path = IMDB_Top_Movies.xcdatamodeld;
			sourceTree = "<group>";
			versionGroupType = wrapper.xcdatamodel;
		};
/* End XCVersionGroup section */
	};
	rootObject = 317F241429CB7F150042836D /* Project object */;
}
